
Microsoft Visual Studio Solution File, Format Version 12.00
# Visual Studio Express 2012 for Windows Desktop
Project("{FAE04EC0-301F-11D3-BF4B-00C04F79EFBC}") = "01.InterestCalculator", "01.InterestCalculator\01.InterestCalculator.csproj", "{1B6473FD-D176-4B4A-B779-33F3F2E773A0}"
EndProject
Project("{FAE04EC0-301F-11D3-BF4B-00C04F79EFBC}") = "02.AsynchronousTimer", "02.AsynchronousTimer\02.AsynchronousTimer.csproj", "{C9CF0FBE-098A-4FE5-AF99-46701D6539D6}"
EndProject
Global
	GlobalSection(SolutionConfigurationPlatforms) = preSolution
		Debug|Any CPU = Debug|Any CPU
		Release|Any CPU = Release|Any CPU
	EndGlobalSection
	GlobalSection(ProjectConfigurationPlatforms) = postSolution
		{1B6473FD-D176-4B4A-B779-33F3F2E773A0}.Debug|Any CPU.ActiveCfg = Debug|Any CPU
		{1B6473FD-D176-4B4A-B779-33F3F2E773A0}.Debug|Any CPU.Build.0 = Debug|Any CPU
		{1B6473FD-D176-4B4A-B779-33F3F2E773A0}.Release|Any CPU.ActiveCfg = Release|Any CPU
		{1B6473FD-D176-4B4A-B779-33F3F2E773A0}.Release|Any CPU.Build.0 = Release|Any CPU
		{C9CF0FBE-098A-4FE5-AF99-46701D6539D6}.Debug|Any CPU.ActiveCfg = Debug|Any CPU
		{C9CF0FBE-098A-4FE5-AF99-46701D6539D6}.Debug|Any CPU.Build.0 = Debug|Any CPU
		{C9CF0FBE-098A-4FE5-AF99-46701D6539D6}.Release|Any CPU.ActiveCfg = Release|Any CPU
		{C9CF0FBE-098A-4FE5-AF99-46701D6539D6}.Release|Any CPU.Build.0 = Release|Any CPU
	EndGlobalSection
	GlobalSection(SolutionProperties) = preSolution
		HideSolutionNode = FALSE
	EndGlobalSection
EndGlobal
